{
  "nodes": {
    "flake-utils": {
      "locked": {
        "lastModified": 1652372896,
        "narHash": "sha256-lURGussfF3mGrFPQT3zgW7+RC0pBhbHzco0C7I+ilow=",
        "owner": "numtide",
        "repo": "flake-utils",
        "rev": "0d347c56f6f41de822a4f4c7ff5072f3382db121",
        "type": "github"
      },
      "original": {
        "owner": "numtide",
        "repo": "flake-utils",
        "type": "github"
      }
    },
    "gobin": {
      "inputs": {
        "nixpkgs": [
          "nixpkgs"
        ]
      },
      "locked": {
        "lastModified": 1652111277,
        "narHash": "sha256-jxl+fhzykhPP708r+WMotsg8Bjti9fpRoh4KiwPJ7XM=",
        "owner": "sagikazarmark",
        "repo": "go-bin-flake",
        "rev": "7520b0da6c41e9d698ff5b408688de426c0218ea",
        "type": "github"
      },
      "original": {
        "owner": "sagikazarmark",
        "repo": "go-bin-flake",
        "type": "github"
      }
    },
    "goflake": {
      "inputs": {
        "nixpkgs": [
          "nixpkgs"
        ]
      },
      "locked": {
        "lastModified": 1652126672,
        "narHash": "sha256-E0JBbfquGq6MoxArDS9G6UZQ+3633MrsnHqw13oL2i4=",
        "owner": "sagikazarmark",
        "repo": "go-flake",
        "rev": "641fbcb9139533384302f7286063996c1fe44a14",
        "type": "github"
      },
      "original": {
        "owner": "sagikazarmark",
        "repo": "go-flake",
        "type": "github"
      }
    },
    "nixpkgs": {
      "locked": {
        "lastModified": 1652231724,
        "narHash": "sha256-MjalcXFZgcgchp4QqnF05JTkFBBGad5hbksA1EKoP98=",
        "owner": "NixOS",
        "repo": "nixpkgs",
        "rev": "41ff747f882914c1f8c233207ce280ac9d0c867f",
        "type": "github"
      },
      "original": {
        "id": "nixpkgs",
        "ref": "nixos-unstable",
        "type": "indirect"
      }
    },
    "root": {
      "inputs": {
        "flake-utils": "flake-utils",
        "gobin": "gobin",
        "goflake": "goflake",
        "nixpkgs": "nixpkgs"
      }
    }
  },
  "root": "root",
  "version": 7
}
