{
  "nodes": {
    "flake-utils": {
      "locked": {
        "lastModified": 1659877975,
        "narHash": "sha256-zllb8aq3YO3h8B/U0/J1WBgAL8EX5yWf5pMj3G0NAmc=",
        "owner": "numtide",
        "repo": "flake-utils",
        "rev": "c0e246b9b83f637f4681389ecabcb2681b4f3af0",
        "type": "github"
      },
      "original": {
        "owner": "numtide",
        "repo": "flake-utils",
        "type": "github"
      }
    },
    "gobin": {
      "inputs": {
        "nixpkgs": [
          "nixpkgs"
        ]
      },
      "locked": {
        "lastModified": 1652111277,
        "narHash": "sha256-jxl+fhzykhPP708r+WMotsg8Bjti9fpRoh4KiwPJ7XM=",
        "owner": "sagikazarmark",
        "repo": "go-bin-flake",
        "rev": "7520b0da6c41e9d698ff5b408688de426c0218ea",
        "type": "github"
      },
      "original": {
        "owner": "sagikazarmark",
        "repo": "go-bin-flake",
        "type": "github"
      }
    },
    "goflake": {
      "inputs": {
        "nixpkgs": [
          "nixpkgs"
        ]
      },
      "locked": {
        "lastModified": 1661251941,
        "narHash": "sha256-ELF1FWt7scNqTp0nNBfRrwJs1Yfl/Lv4qf6dTYuxtLg=",
        "owner": "sagikazarmark",
        "repo": "go-flake",
        "rev": "8957a17c8f0b0afb374655dcefc1bdc74e284442",
        "type": "github"
      },
      "original": {
        "owner": "sagikazarmark",
        "repo": "go-flake",
        "type": "github"
      }
    },
    "nixpkgs": {
      "locked": {
        "lastModified": 1661088761,
        "narHash": "sha256-5DGKX81wIPAAiLwUmUYECpA3vop94AHHR7WmGXSsQok=",
        "owner": "NixOS",
        "repo": "nixpkgs",
        "rev": "a7855f2235a1876f97473a76151fec2afa02b287",
        "type": "github"
      },
      "original": {
        "id": "nixpkgs",
        "ref": "nixos-unstable",
        "type": "indirect"
      }
    },
    "root": {
      "inputs": {
        "flake-utils": "flake-utils",
        "gobin": "gobin",
        "goflake": "goflake",
        "nixpkgs": "nixpkgs"
      }
    }
  },
  "root": "root",
  "version": 7
}
